
Microsoft Visual Studio Solution File, Format Version 12.00
# Visual Studio Version 17
VisualStudioVersion = 17.6.33723.286
MinimumVisualStudioVersion = 15.0.26124.0
Project("{9A19103F-16F7-4668-BE54-9A1E7A4F7556}") = "ImGui.SdlCs", "ImGui.SdlCs\ImGui.SdlCs.csproj", "{F197E821-3CD2-4675-9638-B9F378FCAF11}"
EndProject
Project("{9A19103F-16F7-4668-BE54-9A1E7A4F7556}") = "Test", "Test\Test.csproj", "{0E37F59D-34C7-4889-B1AC-57084ECF3DC9}"
EndProject
Project("{9A19103F-16F7-4668-BE54-9A1E7A4F7556}") = "ImGui.NET", "ImGui.NET\src\ImGui.NET\ImGui.NET.csproj", "{2DEC8BD0-F1E9-4585-BC4A-095BF12103F5}"
EndProject
Global
	GlobalSection(SolutionConfigurationPlatforms) = preSolution
		Debug|Any CPU = Debug|Any CPU
		Debug|x64 = Debug|x64
		Debug|x86 = Debug|x86
		Release|Any CPU = Release|Any CPU
		Release|x64 = Release|x64
		Release|x86 = Release|x86
	EndGlobalSection
	GlobalSection(ProjectConfigurationPlatforms) = postSolution
		{F197E821-3CD2-4675-9638-B9F378FCAF11}.Debug|Any CPU.ActiveCfg = Debug|Any CPU
		{F197E821-3CD2-4675-9638-B9F378FCAF11}.Debug|Any CPU.Build.0 = Debug|Any CPU
		{F197E821-3CD2-4675-9638-B9F378FCAF11}.Debug|x64.ActiveCfg = Debug|Any CPU
		{F197E821-3CD2-4675-9638-B9F378FCAF11}.Debug|x64.Build.0 = Debug|Any CPU
		{F197E821-3CD2-4675-9638-B9F378FCAF11}.Debug|x86.ActiveCfg = Debug|Any CPU
		{F197E821-3CD2-4675-9638-B9F378FCAF11}.Debug|x86.Build.0 = Debug|Any CPU
		{F197E821-3CD2-4675-9638-B9F378FCAF11}.Release|Any CPU.ActiveCfg = Release|Any CPU
		{F197E821-3CD2-4675-9638-B9F378FCAF11}.Release|Any CPU.Build.0 = Release|Any CPU
		{F197E821-3CD2-4675-9638-B9F378FCAF11}.Release|x64.ActiveCfg = Release|Any CPU
		{F197E821-3CD2-4675-9638-B9F378FCAF11}.Release|x64.Build.0 = Release|Any CPU
		{F197E821-3CD2-4675-9638-B9F378FCAF11}.Release|x86.ActiveCfg = Release|Any CPU
		{F197E821-3CD2-4675-9638-B9F378FCAF11}.Release|x86.Build.0 = Release|Any CPU
		{0E37F59D-34C7-4889-B1AC-57084ECF3DC9}.Debug|Any CPU.ActiveCfg = Debug|Any CPU
		{0E37F59D-34C7-4889-B1AC-57084ECF3DC9}.Debug|Any CPU.Build.0 = Debug|Any CPU
		{0E37F59D-34C7-4889-B1AC-57084ECF3DC9}.Debug|x64.ActiveCfg = Debug|Any CPU
		{0E37F59D-34C7-4889-B1AC-57084ECF3DC9}.Debug|x64.Build.0 = Debug|Any CPU
		{0E37F59D-34C7-4889-B1AC-57084ECF3DC9}.Debug|x86.ActiveCfg = Debug|Any CPU
		{0E37F59D-34C7-4889-B1AC-57084ECF3DC9}.Debug|x86.Build.0 = Debug|Any CPU
		{0E37F59D-34C7-4889-B1AC-57084ECF3DC9}.Release|Any CPU.ActiveCfg = Release|Any CPU
		{0E37F59D-34C7-4889-B1AC-57084ECF3DC9}.Release|Any CPU.Build.0 = Release|Any CPU
		{0E37F59D-34C7-4889-B1AC-57084ECF3DC9}.Release|x64.ActiveCfg = Release|Any CPU
		{0E37F59D-34C7-4889-B1AC-57084ECF3DC9}.Release|x64.Build.0 = Release|Any CPU
		{0E37F59D-34C7-4889-B1AC-57084ECF3DC9}.Release|x86.ActiveCfg = Release|Any CPU
		{0E37F59D-34C7-4889-B1AC-57084ECF3DC9}.Release|x86.Build.0 = Release|Any CPU
		{2DEC8BD0-F1E9-4585-BC4A-095BF12103F5}.Debug|Any CPU.ActiveCfg = Debug|Any CPU
		{2DEC8BD0-F1E9-4585-BC4A-095BF12103F5}.Debug|Any CPU.Build.0 = Debug|Any CPU
		{2DEC8BD0-F1E9-4585-BC4A-095BF12103F5}.Debug|x64.ActiveCfg = Debug|Any CPU
		{2DEC8BD0-F1E9-4585-BC4A-095BF12103F5}.Debug|x64.Build.0 = Debug|Any CPU
		{2DEC8BD0-F1E9-4585-BC4A-095BF12103F5}.Debug|x86.ActiveCfg = Debug|Any CPU
		{2DEC8BD0-F1E9-4585-BC4A-095BF12103F5}.Debug|x86.Build.0 = Debug|Any CPU
		{2DEC8BD0-F1E9-4585-BC4A-095BF12103F5}.Release|Any CPU.ActiveCfg = Release|Any CPU
		{2DEC8BD0-F1E9-4585-BC4A-095BF12103F5}.Release|Any CPU.Build.0 = Release|Any CPU
		{2DEC8BD0-F1E9-4585-BC4A-095BF12103F5}.Release|x64.ActiveCfg = Release|Any CPU
		{2DEC8BD0-F1E9-4585-BC4A-095BF12103F5}.Release|x64.Build.0 = Release|Any CPU
		{2DEC8BD0-F1E9-4585-BC4A-095BF12103F5}.Release|x86.ActiveCfg = Release|Any CPU
		{2DEC8BD0-F1E9-4585-BC4A-095BF12103F5}.Release|x86.Build.0 = Release|Any CPU
	EndGlobalSection
	GlobalSection(SolutionProperties) = preSolution
		HideSolutionNode = FALSE
	EndGlobalSection
	GlobalSection(ExtensibilityGlobals) = postSolution
		SolutionGuid = {11FC5EDC-E1FD-4F47-B048-FCE6986718B0}
	EndGlobalSection
EndGlobal
